
Microsoft Visual Studio Solution File, Format Version 12.00
# Visual Studio Version 17
VisualStudioVersion = 17.5.33530.505
MinimumVisualStudioVersion = 10.0.40219.1
Project("{9A19103F-16F7-4668-BE54-9A1E7A4F7556}") = "OrderManagement.WebAPI", "OrderManagement.WebAPI\OrderManagement.WebAPI.csproj", "{CD7FB63C-5205-4FCC-BCD2-353DBE8EF6DD}"
EndProject
Project("{9A19103F-16F7-4668-BE54-9A1E7A4F7556}") = "Entities", "Entities\Entities.csproj", "{0BA92AA1-E4E8-4194-A2F0-9B094E3102CF}"
EndProject
Project("{9A19103F-16F7-4668-BE54-9A1E7A4F7556}") = "ServiceContracts", "ServiceContracts\ServiceContracts.csproj", "{786D8D48-1728-4B2A-9955-6C4BAB36522D}"
EndProject
Project("{9A19103F-16F7-4668-BE54-9A1E7A4F7556}") = "RepositoryContracts", "RepositoryContracts\RepositoryContracts.csproj", "{7C7D0D65-0CF0-4888-8006-1EDD6ACD5AA1}"
EndProject
Project("{9A19103F-16F7-4668-BE54-9A1E7A4F7556}") = "Repositories", "Repositories\Repositories.csproj", "{A5E967ED-0743-4A2F-AF86-EDC7DDDF9300}"
EndProject
Project("{FAE04EC0-301F-11D3-BF4B-00C04F79EFBC}") = "Services", "Services\Services.csproj", "{6B578822-33F9-4179-B8C8-6B072ADDE2C1}"
EndProject
Global
	GlobalSection(SolutionConfigurationPlatforms) = preSolution
		Debug|Any CPU = Debug|Any CPU
		Release|Any CPU = Release|Any CPU
	EndGlobalSection
	GlobalSection(ProjectConfigurationPlatforms) = postSolution
		{CD7FB63C-5205-4FCC-BCD2-353DBE8EF6DD}.Debug|Any CPU.ActiveCfg = Debug|Any CPU
		{CD7FB63C-5205-4FCC-BCD2-353DBE8EF6DD}.Debug|Any CPU.Build.0 = Debug|Any CPU
		{CD7FB63C-5205-4FCC-BCD2-353DBE8EF6DD}.Release|Any CPU.ActiveCfg = Release|Any CPU
		{CD7FB63C-5205-4FCC-BCD2-353DBE8EF6DD}.Release|Any CPU.Build.0 = Release|Any CPU
		{0BA92AA1-E4E8-4194-A2F0-9B094E3102CF}.Debug|Any CPU.ActiveCfg = Debug|Any CPU
		{0BA92AA1-E4E8-4194-A2F0-9B094E3102CF}.Debug|Any CPU.Build.0 = Debug|Any CPU
		{0BA92AA1-E4E8-4194-A2F0-9B094E3102CF}.Release|Any CPU.ActiveCfg = Release|Any CPU
		{0BA92AA1-E4E8-4194-A2F0-9B094E3102CF}.Release|Any CPU.Build.0 = Release|Any CPU
		{786D8D48-1728-4B2A-9955-6C4BAB36522D}.Debug|Any CPU.ActiveCfg = Debug|Any CPU
		{786D8D48-1728-4B2A-9955-6C4BAB36522D}.Debug|Any CPU.Build.0 = Debug|Any CPU
		{786D8D48-1728-4B2A-9955-6C4BAB36522D}.Release|Any CPU.ActiveCfg = Release|Any CPU
		{786D8D48-1728-4B2A-9955-6C4BAB36522D}.Release|Any CPU.Build.0 = Release|Any CPU
		{7C7D0D65-0CF0-4888-8006-1EDD6ACD5AA1}.Debug|Any CPU.ActiveCfg = Debug|Any CPU
		{7C7D0D65-0CF0-4888-8006-1EDD6ACD5AA1}.Debug|Any CPU.Build.0 = Debug|Any CPU
		{7C7D0D65-0CF0-4888-8006-1EDD6ACD5AA1}.Release|Any CPU.ActiveCfg = Release|Any CPU
		{7C7D0D65-0CF0-4888-8006-1EDD6ACD5AA1}.Release|Any CPU.Build.0 = Release|Any CPU
		{A5E967ED-0743-4A2F-AF86-EDC7DDDF9300}.Debug|Any CPU.ActiveCfg = Debug|Any CPU
		{A5E967ED-0743-4A2F-AF86-EDC7DDDF9300}.Debug|Any CPU.Build.0 = Debug|Any CPU
		{A5E967ED-0743-4A2F-AF86-EDC7DDDF9300}.Release|Any CPU.ActiveCfg = Release|Any CPU
		{A5E967ED-0743-4A2F-AF86-EDC7DDDF9300}.Release|Any CPU.Build.0 = Release|Any CPU
		{6B578822-33F9-4179-B8C8-6B072ADDE2C1}.Debug|Any CPU.ActiveCfg = Debug|Any CPU
		{6B578822-33F9-4179-B8C8-6B072ADDE2C1}.Debug|Any CPU.Build.0 = Debug|Any CPU
		{6B578822-33F9-4179-B8C8-6B072ADDE2C1}.Release|Any CPU.ActiveCfg = Release|Any CPU
		{6B578822-33F9-4179-B8C8-6B072ADDE2C1}.Release|Any CPU.Build.0 = Release|Any CPU
	EndGlobalSection
	GlobalSection(SolutionProperties) = preSolution
		HideSolutionNode = FALSE
	EndGlobalSection
	GlobalSection(ExtensibilityGlobals) = postSolution
		SolutionGuid = {6F49D3B3-2FAF-42F4-9409-A20FABEC03FB}
	EndGlobalSection
EndGlobal
